// !$*UTF8*$!
{
	archiveVersion = 1;
	classes = {};
	objectVersion = 56;
	objects = {
		C6019DFDF098300F66D270D8 = { isa = PBXFileReference; lastKnownFileType = sourcecode.swift; path = "DenizRota/AboutView.swift"; sourceTree = "<group>"; };
		A542D52B5677B934CE51744E = { isa = PBXBuildFile; fileRef = C6019DFDF098300F66D270D8; };
		FEB009DBAE9E97395C2256DF = { isa = PBXFileReference; lastKnownFileType = sourcecode.swift; path = "DenizRota/AutomaticRouteView.swift"; sourceTree = "<group>"; };
		F248686EC9A6757E61DDDE08 = { isa = PBXBuildFile; fileRef = FEB009DBAE9E97395C2256DF; };
		4D31098DC04B7A4547CDBDF1 = { isa = PBXFileReference; lastKnownFileType = sourcecode.swift; path = "DenizRota/ContentView.swift"; sourceTree = "<group>"; };
		A512111EAD34FB9723647DEE = { isa = PBXBuildFile; fileRef = 4D31098DC04B7A4547CDBDF1; };
		5E2B9EBCFD868AF898A84923 = { isa = PBXFileReference; lastKnownFileType = sourcecode.swift; path = "DenizRota/DenizRotaApp.swift"; sourceTree = "<group>"; };
		2BA2B6FF4E45E289DAB89D70 = { isa = PBXBuildFile; fileRef = 5E2B9EBCFD868AF898A84923; };
		DF13F9356E096965D8F0217E = { isa = PBXFileReference; lastKnownFileType = sourcecode.swift; path = "DenizRota/GPXDocument.swift"; sourceTree = "<group>"; };
		C63EF01EF99698B7BAE372BF = { isa = PBXBuildFile; fileRef = DF13F9356E096965D8F0217E; };
		5B50EED239B8ED82B507C9C8 = { isa = PBXFileReference; lastKnownFileType = sourcecode.swift; path = "DenizRota/GridReviewView.swift"; sourceTree = "<group>"; };
		208DD57E6985CC0B618FB2B6 = { isa = PBXBuildFile; fileRef = 5B50EED239B8ED82B507C9C8; };
		9BAEC61DDE2325088E1F0E5B = { isa = PBXFileReference; lastKnownFileType = sourcecode.swift; path = "DenizRota/LocationService.swift"; sourceTree = "<group>"; };
		ED49CCEA99FADA4CB62B4972 = { isa = PBXBuildFile; fileRef = 9BAEC61DDE2325088E1F0E5B; };
		23CFBC9DD8F5ACA5319D93B5 = { isa = PBXFileReference; lastKnownFileType = sourcecode.swift; path = "DenizRota/MarineDataService.swift"; sourceTree = "<group>"; };
		0B3B3BBAAF5C21B1B56BD190 = { isa = PBXBuildFile; fileRef = 23CFBC9DD8F5ACA5319D93B5; };
		DDD2BE10479FC44960EBF1AE = { isa = PBXFileReference; lastKnownFileType = sourcecode.swift; path = "DenizRota/Models.swift"; sourceTree = "<group>"; };
		146A70ACA7D723C190A989AB = { isa = PBXBuildFile; fileRef = DDD2BE10479FC44960EBF1AE; };
		7FEE2EFC7C62C5EA94D19CCC = { isa = PBXFileReference; lastKnownFileType = sourcecode.swift; path = "DenizRota/RouteEditorView.swift"; sourceTree = "<group>"; };
		9D4AEDA0C6F241CABDFD0E58 = { isa = PBXBuildFile; fileRef = 7FEE2EFC7C62C5EA94D19CCC; };
		CD588928C895BB264980AECF = { isa = PBXFileReference; lastKnownFileType = sourcecode.swift; path = "DenizRota/RouteStore.swift"; sourceTree = "<group>"; };
		B2CCE670709F14F006BF0C04 = { isa = PBXBuildFile; fileRef = CD588928C895BB264980AECF; };
		72E7CEDC865D26F01B36B414 = { isa = PBXFileReference; lastKnownFileType = sourcecode.swift; path = "DenizRota/SeaMapView.swift"; sourceTree = "<group>"; };
		6C23021AE67E5CB42790BBF1 = { isa = PBXBuildFile; fileRef = 72E7CEDC865D26F01B36B414; };
		3CBF64E9040004BB05ACBBA4 = { isa = PBXFileReference; lastKnownFileType = sourcecode.c.c; path = "DenizRota/Core/AutoRouter.c"; sourceTree = "<group>"; };
		D9AC0473B8A3E70CCCDC8935 = { isa = PBXBuildFile; fileRef = 3CBF64E9040004BB05ACBBA4; };
		8B4B4CD2BBE0A29712FB70E7 = { isa = PBXFileReference; lastKnownFileType = sourcecode.c.c; path = "DenizRota/Core/MarineGrid.c"; sourceTree = "<group>"; };
		12B15A8ABD99BCCB0B708A61 = { isa = PBXBuildFile; fileRef = 8B4B4CD2BBE0A29712FB70E7; };
		3222B57EB6A926F7FE112C3D = { isa = PBXFileReference; lastKnownFileType = sourcecode.c.c; path = "DenizRota/Core/NavigationMath.c"; sourceTree = "<group>"; };
		CE0050A463CFE7A8D05F7B49 = { isa = PBXBuildFile; fileRef = 3222B57EB6A926F7FE112C3D; };
		47A75B4831EA6BB88B2B716A = { isa = PBXFileReference; lastKnownFileType = sourcecode.c.h; path = "DenizRota/Core/AutoRouter.h"; sourceTree = "<group>"; };
		1BA39B6CD97200C05519EC84 = { isa = PBXFileReference; lastKnownFileType = sourcecode.c.h; path = "DenizRota/Core/DenizRota-Bridging-Header.h"; sourceTree = "<group>"; };
		794E4CAF8054025A78E3A42D = { isa = PBXFileReference; lastKnownFileType = sourcecode.c.h; path = "DenizRota/Core/MarineGrid.h"; sourceTree = "<group>"; };
		679961851E6D1C6CD4F799B3 = { isa = PBXFileReference; lastKnownFileType = sourcecode.c.h; path = "DenizRota/Core/NavigationMath.h"; sourceTree = "<group>"; };
		8873151C067A966D8A2B0623 = { isa = PBXFileReference; lastKnownFileType = text.plist.xml; path = "DenizRota/Info.plist"; sourceTree = "<group>"; };
		CD774F8C46B4685BA5E70E5A = { isa = PBXFileReference; lastKnownFileType = text.xml; path = "DenizRota/PrivacyInfo.xcprivacy"; sourceTree = "<group>"; };
		FD57E9B16885BEBF76EEE08F = { isa = PBXBuildFile; fileRef = CD774F8C46B4685BA5E70E5A; };
		A8792157CB4F27FB949C035F = { isa = PBXFileReference; explicitFileType = wrapper.application; includeInIndex = 0; path = DenizRota.app; sourceTree = BUILT_PRODUCTS_DIR; };
		1455444174429298B0F374B3 = { isa = PBXGroup; name = DenizRota; sourceTree = "<group>"; children = (C6019DFDF098300F66D270D8,FEB009DBAE9E97395C2256DF,4D31098DC04B7A4547CDBDF1,5E2B9EBCFD868AF898A84923,DF13F9356E096965D8F0217E,5B50EED239B8ED82B507C9C8,9BAEC61DDE2325088E1F0E5B,23CFBC9DD8F5ACA5319D93B5,DDD2BE10479FC44960EBF1AE,7FEE2EFC7C62C5EA94D19CCC,CD588928C895BB264980AECF,72E7CEDC865D26F01B36B414,3CBF64E9040004BB05ACBBA4,8B4B4CD2BBE0A29712FB70E7,3222B57EB6A926F7FE112C3D,47A75B4831EA6BB88B2B716A,1BA39B6CD97200C05519EC84,794E4CAF8054025A78E3A42D,679961851E6D1C6CD4F799B3,8873151C067A966D8A2B0623,CD774F8C46B4685BA5E70E5A); };
		B9E7F2871A3402983868AFC8 = { isa = PBXGroup; name = Products; sourceTree = "<group>"; children = (A8792157CB4F27FB949C035F); };
		19F479106CE8C3BA8C106518 = { isa = PBXGroup; sourceTree = "<group>"; children = (1455444174429298B0F374B3, B9E7F2871A3402983868AFC8); };
		878A52FC5FF6A57D50B7B870 = { isa = PBXSourcesBuildPhase; buildActionMask = 2147483647; files = (A542D52B5677B934CE51744E,F248686EC9A6757E61DDDE08,A512111EAD34FB9723647DEE,2BA2B6FF4E45E289DAB89D70,C63EF01EF99698B7BAE372BF,208DD57E6985CC0B618FB2B6,ED49CCEA99FADA4CB62B4972,0B3B3BBAAF5C21B1B56BD190,146A70ACA7D723C190A989AB,9D4AEDA0C6F241CABDFD0E58,B2CCE670709F14F006BF0C04,6C23021AE67E5CB42790BBF1,D9AC0473B8A3E70CCCDC8935,12B15A8ABD99BCCB0B708A61,CE0050A463CFE7A8D05F7B49); runOnlyForDeploymentPostprocessing = 0; };
		E2AA269EB967A8853A258BFA = { isa = PBXFrameworksBuildPhase; buildActionMask = 2147483647; files = (); runOnlyForDeploymentPostprocessing = 0; };
		41D311A605520FC7B8B9A980 = { isa = PBXResourcesBuildPhase; buildActionMask = 2147483647; files = (FD57E9B16885BEBF76EEE08F); runOnlyForDeploymentPostprocessing = 0; };
		2B23A31EEC75B029432F2445 = { isa = XCBuildConfiguration; buildSettings = { CLANG_ENABLE_MODULES = "YES"; CLANG_ENABLE_OBJC_ARC = "YES"; GCC_C_LANGUAGE_STANDARD = "c11"; GCC_WARN_64_TO_32_BIT_CONVERSION = "YES"; GCC_WARN_UNDECLARED_SELECTOR = "YES"; GCC_WARN_UNUSED_VARIABLE = "YES"; SDKROOT = "iphoneos"; IPHONEOS_DEPLOYMENT_TARGET = "17.0"; SWIFT_VERSION = "5.0"; SWIFT_STRICT_CONCURRENCY = "minimal"; DEBUG_INFORMATION_FORMAT = "dwarf"; GCC_OPTIMIZATION_LEVEL = "0"; SWIFT_OPTIMIZATION_LEVEL = "-Onone"; ENABLE_TESTABILITY = "YES"; SWIFT_ACTIVE_COMPILATION_CONDITIONS = "DEBUG"; ONLY_ACTIVE_ARCH = "YES"; }; name = Debug; };
		EDDA600A3F771F810A8065C9 = { isa = XCBuildConfiguration; buildSettings = { PRODUCT_NAME = "$(TARGET_NAME)"; PRODUCT_BUNDLE_IDENTIFIER = "com.denizrota.app"; CODE_SIGN_STYLE = "Automatic"; DEVELOPMENT_TEAM = ""; GENERATE_INFOPLIST_FILE = "NO"; INFOPLIST_FILE = "DenizRota/Info.plist"; SWIFT_OBJC_BRIDGING_HEADER = "DenizRota/Core/DenizRota-Bridging-Header.h"; HEADER_SEARCH_PATHS = "$(SRCROOT)/DenizRota/Core"; TARGETED_DEVICE_FAMILY = "1,2"; SUPPORTED_PLATFORMS = "iphoneos iphonesimulator"; SUPPORTS_MACCATALYST = "NO"; CURRENT_PROJECT_VERSION = "2"; MARKETING_VERSION = "0.2.0"; OTHER_LDFLAGS = "$(inherited) -lz"; LD_RUNPATH_SEARCH_PATHS = "$(inherited) @executable_path/Frameworks"; ENABLE_USER_SCRIPT_SANDBOXING = "YES"; }; name = Debug; };
		07CA1E69F6068DEA30A4DA6B = { isa = XCBuildConfiguration; buildSettings = { CLANG_ENABLE_MODULES = "YES"; CLANG_ENABLE_OBJC_ARC = "YES"; GCC_C_LANGUAGE_STANDARD = "c11"; GCC_WARN_64_TO_32_BIT_CONVERSION = "YES"; GCC_WARN_UNDECLARED_SELECTOR = "YES"; GCC_WARN_UNUSED_VARIABLE = "YES"; SDKROOT = "iphoneos"; IPHONEOS_DEPLOYMENT_TARGET = "17.0"; SWIFT_VERSION = "5.0"; SWIFT_STRICT_CONCURRENCY = "minimal"; DEBUG_INFORMATION_FORMAT = "dwarf-with-dsym"; GCC_OPTIMIZATION_LEVEL = "s"; SWIFT_OPTIMIZATION_LEVEL = "-O"; ENABLE_TESTABILITY = "NO"; }; name = Release; };
		594BCDCC96599D88EF772A08 = { isa = XCBuildConfiguration; buildSettings = { PRODUCT_NAME = "$(TARGET_NAME)"; PRODUCT_BUNDLE_IDENTIFIER = "com.denizrota.app"; CODE_SIGN_STYLE = "Automatic"; DEVELOPMENT_TEAM = ""; GENERATE_INFOPLIST_FILE = "NO"; INFOPLIST_FILE = "DenizRota/Info.plist"; SWIFT_OBJC_BRIDGING_HEADER = "DenizRota/Core/DenizRota-Bridging-Header.h"; HEADER_SEARCH_PATHS = "$(SRCROOT)/DenizRota/Core"; TARGETED_DEVICE_FAMILY = "1,2"; SUPPORTED_PLATFORMS = "iphoneos iphonesimulator"; SUPPORTS_MACCATALYST = "NO"; CURRENT_PROJECT_VERSION = "2"; MARKETING_VERSION = "0.2.0"; OTHER_LDFLAGS = "$(inherited) -lz"; LD_RUNPATH_SEARCH_PATHS = "$(inherited) @executable_path/Frameworks"; ENABLE_USER_SCRIPT_SANDBOXING = "YES"; }; name = Release; };
		4A807E8A027297B0B93701FB = { isa = XCConfigurationList; buildConfigurations = (EDDA600A3F771F810A8065C9,594BCDCC96599D88EF772A08); defaultConfigurationIsVisible = 0; defaultConfigurationName = Release; };
		B4E10CAA9C5E22150B71559C = { isa = XCConfigurationList; buildConfigurations = (2B23A31EEC75B029432F2445,07CA1E69F6068DEA30A4DA6B); defaultConfigurationIsVisible = 0; defaultConfigurationName = Release; };
		34A04005BCAF206EEC990BD9 = { isa = PBXNativeTarget; buildConfigurationList = 4A807E8A027297B0B93701FB; buildPhases = (878A52FC5FF6A57D50B7B870, E2AA269EB967A8853A258BFA, 41D311A605520FC7B8B9A980); buildRules = (); dependencies = (); name = DenizRota; productName = DenizRota; productReference = A8792157CB4F27FB949C035F; productType = "com.apple.product-type.application"; };
		244210E48437B6556980A702 = { isa = PBXProject; attributes = { BuildIndependentTargetsInParallel = YES; LastUpgradeCheck = 1600; TargetAttributes = { 34A04005BCAF206EEC990BD9 = { CreatedOnToolsVersion = 16.0; }; }; }; buildConfigurationList = B4E10CAA9C5E22150B71559C; compatibilityVersion = "Xcode 14.0"; developmentRegion = tr; hasScannedForEncodings = 0; knownRegions = (tr, en, Base); mainGroup = 19F479106CE8C3BA8C106518; productRefGroup = B9E7F2871A3402983868AFC8; projectDirPath = ""; projectRoot = ""; targets = (34A04005BCAF206EEC990BD9); };
	};
	rootObject = 244210E48437B6556980A702;
}
